Microsoft Visual Studio Solution File, Format Version 12.00
# Visual Studio Version 17
VisualStudioVersion = 17.5.2.0
MinimumVisualStudioVersion = 10.0.40219.1
Project("{FAE04EC0-301F-11D3-BF4B-00C04F79EFBC}") = "zzv-engine-net8", "zzv-engine-net8.csproj", "{8ADCDA9B-EB43-DE40-B036-9D2AB9925E13}"
EndProject
Global
	GlobalSection(SolutionConfigurationPlatforms) = preSolution
		Debug|Any CPU = Debug|Any CPU
		Release|Any CPU = Release|Any CPU
	EndGlobalSection
	GlobalSection(ProjectConfigurationPlatforms) = postSolution
		{8ADCDA9B-EB43-DE40-B036-9D2AB9925E13}.Debug|Any CPU.ActiveCfg = Debug|Any CPU
		{8ADCDA9B-EB43-DE40-B036-9D2AB9925E13}.Debug|Any CPU.Build.0 = Debug|Any CPU
		{8ADCDA9B-EB43-DE40-B036-9D2AB9925E13}.Release|Any CPU.ActiveCfg = Release|Any CPU
		{8ADCDA9B-EB43-DE40-B036-9D2AB9925E13}.Release|Any CPU.Build.0 = Release|Any CPU
	EndGlobalSection
	GlobalSection(SolutionProperties) = preSolution
		HideSolutionNode = FALSE
	EndGlobalSection
	GlobalSection(ExtensibilityGlobals) = postSolution
		SolutionGuid = {426C8E1B-36CE-4733-8715-0CDA0AC08353}
	EndGlobalSection
EndGlobal
